{
  "name": "assets",
  "lockfileVersion": 3,
  "requires": true,
  "packages": {
    "": {
      "dependencies": {
        "@fediverse-miniapps/sdk": "github:shipoclu/fediverse-miniapp-sdk#7323d6f08d021e08b23c73ed39e8426f9a0a4615"
      }
    },
    "node_modules/@fediverse-miniapps/sdk": {
      "version": "0.1.0",
      "resolved": "git+ssh://git@github.com/shipoclu/fediverse-miniapp-sdk.git#7323d6f08d021e08b23c73ed39e8426f9a0a4615",
      "integrity": "sha512-tCkktIyhWbTcUyBMfAxt6fHFPc0GUPQ/hp0WlTvzM9eUEFzbjDlgnUAiOkuM0oDzr9/SMv9ZwCG9njefZpXxYg==",
      "license": "MIT"
    }
  }
}
