{
  "name": "assets",
  "lockfileVersion": 3,
  "requires": true,
  "packages": {
    "": {
      "dependencies": {
        "@fediverse-miniapps/sdk": "github:shipoclu/fediverse-miniapp-sdk#46ca9c113631daa519933c01f211cf7b13f6dbe6"
      }
    },
    "node_modules/@fediverse-miniapps/sdk": {
      "version": "0.1.0",
      "resolved": "git+ssh://git@github.com/shipoclu/fediverse-miniapp-sdk.git#46ca9c113631daa519933c01f211cf7b13f6dbe6",
      "integrity": "sha512-t3B1jLBVceCDkv4Ity3lsQzKuxLz+vPczW5Oep2rxjxp71huP0RgZiKoawNY1/B8Jrda+9Xg5ab2HckemOYOog==",
      "license": "MIT"
    }
  }
}
