{
  "name": "assets",
  "lockfileVersion": 3,
  "requires": true,
  "packages": {
    "": {
      "dependencies": {
        "@fediverse-miniapps/sdk": "github:shipoclu/fediverse-miniapp-sdk#856f88e8a1de1495a765d4a5aae83a070289cd42"
      }
    },
    "node_modules/@fediverse-miniapps/sdk": {
      "version": "0.1.0",
      "resolved": "git+ssh://git@github.com/shipoclu/fediverse-miniapp-sdk.git#856f88e8a1de1495a765d4a5aae83a070289cd42",
      "integrity": "sha512-ZuH0HY/WBAirqzdzeJ4bac4RlTf/QLacbAElF8uKpuysqe6YgpSiMrAdf/OwVRvzF65QKzJCIy6vSskmGPEn2A==",
      "license": "MIT"
    }
  }
}
